// !$*UTF8*$!
{
	archiveVersion = 1;
	classes = {
	};
	objectVersion = 55;
	objects = {

/* Begin PBXBuildFile section */
		04EA87C828DA0A4A004CB3A8 /* AppDelegate.swift in Sources */ = {isa = PBXBuildFile; fileRef = 04EA87C728DA0A4A004CB3A8 /* AppDelegate.swift */; };
		04EA87CA28DA0A4A004CB3A8 /* SceneDelegate.swift in Sources */ = {isa = PBXBuildFile; fileRef = 04EA87C928DA0A4A004CB3A8 /* SceneDelegate.swift */; };
		04EA87CC28DA0A4A004CB3A8 /* ViewController.swift in Sources */ = {isa = PBXBuildFile; fileRef = 04EA87CB28DA0A4A004CB3A8 /* ViewController.swift */; };
		04EA87CF28DA0A4A004CB3A8 /* Main.storyboard in Resources */ = {isa = PBXBuildFile; fileRef = 04EA87CD28DA0A4A004CB3A8 /* Main.storyboard */; };
		04EA87D128DA0A4B004CB3A8 /* Assets.xcassets in Resources */ = {isa = PBXBuildFile; fileRef = 04EA87D028DA0A4B004CB3A8 /* Assets.xcassets */; };
		04EA87D428DA0A4B004CB3A8 /* LaunchScreen.storyboard in Resources */ = {isa = PBXBuildFile; fileRef = 04EA87D228DA0A4B004CB3A8 /* LaunchScreen.storyboard */; };
		04EA87DF28DA0A4B004CB3A8 /* HW1Tests.swift in Sources */ = {isa = PBXBuildFile; fileRef = 04EA87DE28DA0A4B004CB3A8 /* HW1Tests.swift */; };
		04EA87E928DA0A4B004CB3A8 /* HW1UITests.swift in Sources */ = {isa = PBXBuildFile; fileRef = 04EA87E828DA0A4B004CB3A8 /* HW1UITests.swift */; };
		04EA87EB28DA0A4B004CB3A8 /* HW1UITestsLaunchTests.swift in Sources */ = {isa = PBXBuildFile; fileRef = 04EA87EA28DA0A4B004CB3A8 /* HW1UITestsLaunchTests.swift */; };
/* End PBXBuildFile section */

/* Begin PBXContainerItemProxy section */
		04EA87DB28DA0A4B004CB3A8 /* PBXContainerItemProxy */ = {
			isa = PBXContainerItemProxy;
			containerPortal = 04EA87BC28DA0A4A004CB3A8 /* Project object */;
			proxyType = 1;
			remoteGlobalIDString = 04EA87C328DA0A4A004CB3A8;
			remoteInfo = HW1;
		};
		04EA87E528DA0A4B004CB3A8 /* PBXContainerItemProxy */ = {
			isa = PBXContainerItemProxy;
			containerPortal = 04EA87BC28DA0A4A004CB3A8 /* Project object */;
			proxyType = 1;
			remoteGlobalIDString = 04EA87C328DA0A4A004CB3A8;
			remoteInfo = HW1;
		};
/* End PBXContainerItemProxy section */

/* Begin PBXFileReference section */
		04EA87C428DA0A4A004CB3A8 /* HW1.app */ = {isa = PBXFileReference; explicitFileType = wrapper.application; includeInIndex = 0; path = HW1.app; sourceTree = BUILT_PRODUCTS_DIR; };
		04EA87C728DA0A4A004CB3A8 /* AppDelegate.swift */ = {isa = PBXFileReference; lastKnownFileType = sourcecode.swift; path = AppDelegate.swift; sourceTree = "<group>"; };
		04EA87C928DA0A4A004CB3A8 /* SceneDelegate.swift */ = {isa = PBXFileReference; lastKnownFileType = sourcecode.swift; path = SceneDelegate.swift; sourceTree = "<group>"; };
		04EA87CB28DA0A4A004CB3A8 /* ViewController.swift */ = {isa = PBXFileReference; lastKnownFileType = sourcecode.swift; path = ViewController.swift; sourceTree = "<group>"; };
		04EA87CE28DA0A4A004CB3A8 /* Base */ = {isa = PBXFileReference; lastKnownFileType = file.storyboard; name = Base; path = Base.lproj/Main.storyboard; sourceTree = "<group>"; };
		04EA87D028DA0A4B004CB3A8 /* Assets.xcassets */ = {isa = PBXFileReference; lastKnownFileType = folder.assetcatalog; path = Assets.xcassets; sourceTree = "<group>"; };
		04EA87D328DA0A4B004CB3A8 /* Base */ = {isa = PBXFileReference; lastKnownFileType = file.storyboard; name = Base; path = Base.lproj/LaunchScreen.storyboard; sourceTree = "<group>"; };
		04EA87D528DA0A4B004CB3A8 /* Info.plist */ = {isa = PBXFileReference; lastKnownFileType = text.plist.xml; path = Info.plist; sourceTree = "<group>"; };
		04EA87DA28DA0A4B004CB3A8 /* HW1Tests.xctest */ = {isa = PBXFileReference; explicitFileType = wrapper.cfbundle; includeInIndex = 0; path = HW1Tests.xctest; sourceTree = BUILT_PRODUCTS_DIR; };
		04EA87DE28DA0A4B004CB3A8 /* HW1Tests.swift */ = {isa = PBXFileReference; lastKnownFileType = sourcecode.swift; path = HW1Tests.swift; sourceTree = "<group>"; };
		04EA87E428DA0A4B004CB3A8 /* HW1UITests.xctest */ = {isa = PBXFileReference; explicitFileType = wrapper.cfbundle; includeInIndex = 0; path = HW1UITests.xctest; sourceTree = BUILT_PRODUCTS_DIR; };
		04EA87E828DA0A4B004CB3A8 /* HW1UITests.swift */ = {isa = PBXFileReference; lastKnownFileType = sourcecode.swift; path = HW1UITests.swift; sourceTree = "<group>"; };
		04EA87EA28DA0A4B004CB3A8 /* HW1UITestsLaunchTests.swift */ = {isa = PBXFileReference; lastKnownFileType = sourcecode.swift; path = HW1UITestsLaunchTests.swift; sourceTree = "<group>"; };
/* End PBXFileReference section */

/* Begin PBXFrameworksBuildPhase section */
		04EA87C128DA0A4A004CB3A8 /* Frameworks */ = {
			isa = PBXFrameworksBuildPhase;
			buildActionMask = 2147483647;
			files = (
			);
			runOnlyForDeploymentPostprocessing = 0;
		};
		04EA87D728DA0A4B004CB3A8 /* Frameworks */ = {
			isa = PBXFrameworksBuildPhase;
			buildActionMask = 2147483647;
			files = (
			);
			runOnlyForDeploymentPostprocessing = 0;
		};
		04EA87E128DA0A4B004CB3A8 /* Frameworks */ = {
			isa = PBXFrameworksBuildPhase;
			buildActionMask = 2147483647;
			files = (
			);
			runOnlyForDeploymentPostprocessing = 0;
		};
/* End PBXFrameworksBuildPhase section */

/* Begin PBXGroup section */
		04EA87BB28DA0A4A004CB3A8 = {
			isa = PBXGroup;
			children = (
				04EA87C628DA0A4A004CB3A8 /* HW1 */,
				04EA87DD28DA0A4B004CB3A8 /* HW1Tests */,
				04EA87E728DA0A4B004CB3A8 /* HW1UITests */,
				04EA87C528DA0A4A004CB3A8 /* Products */,
			);
			sourceTree = "<group>";
		};
		04EA87C528DA0A4A004CB3A8 /* Products */ = {
			isa = PBXGroup;
			children = (
				04EA87C428DA0A4A004CB3A8 /* HW1.app */,
				04EA87DA28DA0A4B004CB3A8 /* HW1Tests.xctest */,
				04EA87E428DA0A4B004CB3A8 /* HW1UITests.xctest */,
			);
			name = Products;
			sourceTree = "<group>";
		};
		04EA87C628DA0A4A004CB3A8 /* HW1 */ = {
			isa = PBXGroup;
			children = (
				04EA87C728DA0A4A004CB3A8 /* AppDelegate.swift */,
				04EA87C928DA0A4A004CB3A8 /* SceneDelegate.swift */,
				04EA87CB28DA0A4A004CB3A8 /* ViewController.swift */,
				04EA87CD28DA0A4A004CB3A8 /* Main.storyboard */,
				04EA87D028DA0A4B004CB3A8 /* Assets.xcassets */,
				04EA87D228DA0A4B004CB3A8 /* LaunchScreen.storyboard */,
				04EA87D528DA0A4B004CB3A8 /* Info.plist */,
			);
			path = HW1;
			sourceTree = "<group>";
		};
		04EA87DD28DA0A4B004CB3A8 /* HW1Tests */ = {
			isa = PBXGroup;
			children = (
				04EA87DE28DA0A4B004CB3A8 /* HW1Tests.swift */,
			);
			path = HW1Tests;
			sourceTree = "<group>";
		};
		04EA87E728DA0A4B004CB3A8 /* HW1UITests */ = {
			isa = PBXGroup;
			children = (
				04EA87E828DA0A4B004CB3A8 /* HW1UITests.swift */,
				04EA87EA28DA0A4B004CB3A8 /* HW1UITestsLaunchTests.swift */,
			);
			path = HW1UITests;
			sourceTree = "<group>";
		};
/* End PBXGroup section */

/* Begin PBXNativeTarget section */
		04EA87C328DA0A4A004CB3A8 /* HW1 */ = {
			isa = PBXNativeTarget;
			buildConfigurationList = 04EA87EE28DA0A4B004CB3A8 /* Build configuration list for PBXNativeTarget "HW1" */;
			buildPhases = (
				04EA87C028DA0A4A004CB3A8 /* Sources */,
				04EA87C128DA0A4A004CB3A8 /* Frameworks */,
				04EA87C228DA0A4A004CB3A8 /* Resources */,
			);
			buildRules = (
			);
			dependencies = (
			);
			name = HW1;
			productName = HW1;
			productReference = 04EA87C428DA0A4A004CB3A8 /* HW1.app */;
			productType = "com.apple.product-type.application";
		};
		04EA87D928DA0A4B004CB3A8 /* HW1Tests */ = {
			isa = PBXNativeTarget;
			buildConfigurationList = 04EA87F128DA0A4B004CB3A8 /* Build configuration list for PBXNativeTarget "HW1Tests" */;
			buildPhases = (
				04EA87D628DA0A4B004CB3A8 /* Sources */,
				04EA87D728DA0A4B004CB3A8 /* Frameworks */,
				04EA87D828DA0A4B004CB3A8 /* Resources */,
			);
			buildRules = (
			);
			dependencies = (
				04EA87DC28DA0A4B004CB3A8 /* PBXTargetDependency */,
			);
			name = HW1Tests;
			productName = HW1Tests;
			productReference = 04EA87DA28DA0A4B004CB3A8 /* HW1Tests.xctest */;
			productType = "com.apple.product-type.bundle.unit-test";
		};
		04EA87E328DA0A4B004CB3A8 /* HW1UITests */ = {
			isa = PBXNativeTarget;
			buildConfigurationList = 04EA87F428DA0A4B004CB3A8 /* Build configuration list for PBXNativeTarget "HW1UITests" */;
			buildPhases = (
				04EA87E028DA0A4B004CB3A8 /* Sources */,
				04EA87E128DA0A4B004CB3A8 /* Frameworks */,
				04EA87E228DA0A4B004CB3A8 /* Resources */,
			);
			buildRules = (
			);
			dependencies = (
				04EA87E628DA0A4B004CB3A8 /* PBXTargetDependency */,
			);
			name = HW1UITests;
			productName = HW1UITests;
			productReference = 04EA87E428DA0A4B004CB3A8 /* HW1UITests.xctest */;
			productType = "com.apple.product-type.bundle.ui-testing";
		};
/* End PBXNativeTarget section */

/* Begin PBXProject section */
		04EA87BC28DA0A4A004CB3A8 /* Project object */ = {
			isa = PBXProject;
			attributes = {
				BuildIndependentTargetsInParallel = 1;
				LastSwiftUpdateCheck = 1340;
				LastUpgradeCheck = 1340;
				TargetAttributes = {
					04EA87C328DA0A4A004CB3A8 = {
						CreatedOnToolsVersion = 13.4.1;
					};
					04EA87D928DA0A4B004CB3A8 = {
						CreatedOnToolsVersion = 13.4.1;
						TestTargetID = 04EA87C328DA0A4A004CB3A8;
					};
					04EA87E328DA0A4B004CB3A8 = {
						CreatedOnToolsVersion = 13.4.1;
						TestTargetID = 04EA87C328DA0A4A004CB3A8;
					};
				};
			};
			buildConfigurationList = 04EA87BF28DA0A4A004CB3A8 /* Build configuration list for PBXProject "HW1" */;
			compatibilityVersion = "Xcode 13.0";
			developmentRegion = en;
			hasScannedForEncodings = 0;
			knownRegions = (
				en,
				Base,
			);
			mainGroup = 04EA87BB28DA0A4A004CB3A8;
			productRefGroup = 04EA87C528DA0A4A004CB3A8 /* Products */;
			projectDirPath = "";
			projectRoot = "";
			targets = (
				04EA87C328DA0A4A004CB3A8 /* HW1 */,
				04EA87D928DA0A4B004CB3A8 /* HW1Tests */,
				04EA87E328DA0A4B004CB3A8 /* HW1UITests */,
			);
		};
/* End PBXProject section */

/* Begin PBXResourcesBuildPhase section */
		04EA87C228DA0A4A004CB3A8 /* Resources */ = {
			isa = PBXResourcesBuildPhase;
			buildActionMask = 2147483647;
			files = (
				04EA87D428DA0A4B004CB3A8 /* LaunchScreen.storyboard in Resources */,
				04EA87D128DA0A4B004CB3A8 /* Assets.xcassets in Resources */,
				04EA87CF28DA0A4A004CB3A8 /* Main.storyboard in Resources */,
			);
			runOnlyForDeploymentPostprocessing = 0;
		};
		04EA87D828DA0A4B004CB3A8 /* Resources */ = {
			isa = PBXResourcesBuildPhase;
			buildActionMask = 2147483647;
			files = (
			);
			runOnlyForDeploymentPostprocessing = 0;
		};
		04EA87E228DA0A4B004CB3A8 /* Resources */ = {
			isa = PBXResourcesBuildPhase;
			buildActionMask = 2147483647;
			files = (
			);
			runOnlyForDeploymentPostprocessing = 0;
		};
/* End PBXResourcesBuildPhase section */

/* Begin PBXSourcesBuildPhase section */
		04EA87C028DA0A4A004CB3A8 /* Sources */ = {
			isa = PBXSourcesBuildPhase;
			buildActionMask = 2147483647;
			files = (
				04EA87CC28DA0A4A004CB3A8 /* ViewController.swift in Sources */,
				04EA87C828DA0A4A004CB3A8 /* AppDelegate.swift in Sources */,
				04EA87CA28DA0A4A004CB3A8 /* SceneDelegate.swift in Sources */,
			);
			runOnlyForDeploymentPostprocessing = 0;
		};
		04EA87D628DA0A4B004CB3A8 /* Sources */ = {
			isa = PBXSourcesBuildPhase;
			buildActionMask = 2147483647;
			files = (
				04EA87DF28DA0A4B004CB3A8 /* HW1Tests.swift in Sources */,
			);
			runOnlyForDeploymentPostprocessing = 0;
		};
		04EA87E028DA0A4B004CB3A8 /* Sources */ = {
			isa = PBXSourcesBuildPhase;
			buildActionMask = 2147483647;
			files = (
				04EA87E928DA0A4B004CB3A8 /* HW1UITests.swift in Sources */,
				04EA87EB28DA0A4B004CB3A8 /* HW1UITestsLaunchTests.swift in Sources */,
			);
			runOnlyForDeploymentPostprocessing = 0;
		};
/* End PBXSourcesBuildPhase section */

/* Begin PBXTargetDependency section */
		04EA87DC28DA0A4B004CB3A8 /* PBXTargetDependency */ = {
			isa = PBXTargetDependency;
			target = 04EA87C328DA0A4A004CB3A8 /* HW1 */;
			targetProxy = 04EA87DB28DA0A4B004CB3A8 /* PBXContainerItemProxy */;
		};
		04EA87E628DA0A4B004CB3A8 /* PBXTargetDependency */ = {
			isa = PBXTargetDependency;
			target = 04EA87C328DA0A4A004CB3A8 /* HW1 */;
			targetProxy = 04EA87E528DA0A4B004CB3A8 /* PBXContainerItemProxy */;
		};
/* End PBXTargetDependency section */

/* Begin PBXVariantGroup section */
		04EA87CD28DA0A4A004CB3A8 /* Main.storyboard */ = {
			isa = PBXVariantGroup;
			children = (
				04EA87CE28DA0A4A004CB3A8 /* Base */,
			);
			name = Main.storyboard;
			sourceTree = "<group>";
		};
		04EA87D228DA0A4B004CB3A8 /* LaunchScreen.storyboard */ = {
			isa = PBXVariantGroup;
			children = (
				04EA87D328DA0A4B004CB3A8 /* Base */,
			);
			name = LaunchScreen.storyboard;
			sourceTree = "<group>";
		};
/* End PBXVariantGroup section */

/* Begin XCBuildConfiguration section */
		04EA87EC28DA0A4B004CB3A8 /* Debug */ = {
			isa = XCBuildConfiguration;
			buildSettings = {
				ALWAYS_SEARCH_USER_PATHS = NO;
				CLANG_ANALYZER_NONNULL = YES;
				CLANG_ANALYZER_NUMBER_OBJECT_CONVERSION = YES_AGGRESSIVE;
				CLANG_CXX_LANGUAGE_STANDARD = "gnu++17";
				CLANG_ENABLE_MODULES = YES;
				CLANG_ENABLE_OBJC_ARC = YES;
				CLANG_ENABLE_OBJC_WEAK = YES;
				CLANG_WARN_BLOCK_CAPTURE_AUTORELEASING = YES;
				CLANG_WARN_BOOL_CONVERSION = YES;
				CLANG_WARN_COMMA = YES;
				CLANG_WARN_CONSTANT_CONVERSION = YES;
				CLANG_WARN_DEPRECATED_OBJC_IMPLEMENTATIONS = YES;
				CLANG_WARN_DIRECT_OBJC_ISA_USAGE = YES_ERROR;
				CLANG_WARN_DOCUMENTATION_COMMENTS = YES;
				CLANG_WARN_EMPTY_BODY = YES;
				CLANG_WARN_ENUM_CONVERSION = YES;
				CLANG_WARN_INFINITE_RECURSION = YES;
				CLANG_WARN_INT_CONVERSION = YES;
				CLANG_WARN_NON_LITERAL_NULL_CONVERSION = YES;
				CLANG_WARN_OBJC_IMPLICIT_RETAIN_SELF = YES;
				CLANG_WARN_OBJC_LITERAL_CONVERSION = YES;
				CLANG_WARN_OBJC_ROOT_CLASS = YES_ERROR;
				CLANG_WARN_QUOTED_INCLUDE_IN_FRAMEWORK_HEADER = YES;
				CLANG_WARN_RANGE_LOOP_ANALYSIS = YES;
				CLANG_WARN_STRICT_PROTOTYPES = YES;
				CLANG_WARN_SUSPICIOUS_MOVE = YES;
				CLANG_WARN_UNGUARDED_AVAILABILITY = YES_AGGRESSIVE;
				CLANG_WARN_UNREACHABLE_CODE = YES;
				CLANG_WARN__DUPLICATE_METHOD_MATCH = YES;
				COPY_PHASE_STRIP = NO;
				DEBUG_INFORMATION_FORMAT = dwarf;
				ENABLE_STRICT_OBJC_MSGSEND = YES;
				ENABLE_TESTABILITY = YES;
				GCC_C_LANGUAGE_STANDARD = gnu11;
				GCC_DYNAMIC_NO_PIC = NO;
				GCC_NO_COMMON_BLOCKS = YES;
				GCC_OPTIMIZATION_LEVEL = 0;
				GCC_PREPROCESSOR_DEFINITIONS = (
					"DEBUG=1",
					"$(inherited)",
				);
				GCC_WARN_64_TO_32_BIT_CONVERSION = YES;
				GCC_WARN_ABOUT_RETURN_TYPE = YES_ERROR;
				GCC_WARN_UNDECLARED_SELECTOR = YES;
				GCC_WARN_UNINITIALIZED_AUTOS = YES_AGGRESSIVE;
				GCC_WARN_UNUSED_FUNCTION = YES;
				GCC_WARN_UNUSED_VARIABLE = YES;
				IPHONEOS_DEPLOYMENT_TARGET = 15.5;
				MTL_ENABLE_DEBUG_INFO = INCLUDE_SOURCE;
				MTL_FAST_MATH = YES;
				ONLY_ACTIVE_ARCH = YES;
				SDKROOT = iphoneos;
				SWIFT_ACTIVE_COMPILATION_CONDITIONS = DEBUG;
				SWIFT_OPTIMIZATION_LEVEL = "-Onone";
			};
			name = Debug;
		};
		04EA87ED28DA0A4B004CB3A8 /* Release */ = {
			isa = XCBuildConfiguration;
			buildSettings = {
				ALWAYS_SEARCH_USER_PATHS = NO;
				CLANG_ANALYZER_NONNULL = YES;
				CLANG_ANALYZER_NUMBER_OBJECT_CONVERSION = YES_AGGRESSIVE;
				CLANG_CXX_LANGUAGE_STANDARD = "gnu++17";
				CLANG_ENABLE_MODULES = YES;
				CLANG_ENABLE_OBJC_ARC = YES;
				CLANG_ENABLE_OBJC_WEAK = YES;
				CLANG_WARN_BLOCK_CAPTURE_AUTORELEASING = YES;
				CLANG_WARN_BOOL_CONVERSION = YES;
				CLANG_WARN_COMMA = YES;
				CLANG_WARN_CONSTANT_CONVERSION = YES;
				CLANG_WARN_DEPRECATED_OBJC_IMPLEMENTATIONS = YES;
				CLANG_WARN_DIRECT_OBJC_ISA_USAGE = YES_ERROR;
				CLANG_WARN_DOCUMENTATION_COMMENTS = YES;
				CLANG_WARN_EMPTY_BODY = YES;
				CLANG_WARN_ENUM_CONVERSION = YES;
				CLANG_WARN_INFINITE_RECURSION = YES;
				CLANG_WARN_INT_CONVERSION = YES;
				CLANG_WARN_NON_LITERAL_NULL_CONVERSION = YES;
				CLANG_WARN_OBJC_IMPLICIT_RETAIN_SELF = YES;
				CLANG_WARN_OBJC_LITERAL_CONVERSION = YES;
				CLANG_WARN_OBJC_ROOT_CLASS = YES_ERROR;
				CLANG_WARN_QUOTED_INCLUDE_IN_FRAMEWORK_HEADER = YES;
				CLANG_WARN_RANGE_LOOP_ANALYSIS = YES;
				CLANG_WARN_STRICT_PROTOTYPES = YES;
				CLANG_WARN_SUSPICIOUS_MOVE = YES;
				CLANG_WARN_UNGUARDED_AVAILABILITY = YES_AGGRESSIVE;
				CLANG_WARN_UNREACHABLE_CODE = YES;
				CLANG_WARN__DUPLICATE_METHOD_MATCH = YES;
				COPY_PHASE_STRIP = NO;
				DEBUG_INFORMATION_FORMAT = "dwarf-with-dsym";
				ENABLE_NS_ASSERTIONS = NO;
				ENABLE_STRICT_OBJC_MSGSEND = YES;
				GCC_C_LANGUAGE_STANDARD = gnu11;
				GCC_NO_COMMON_BLOCKS = YES;
				GCC_WARN_64_TO_32_BIT_CONVERSION = YES;
				GCC_WARN_ABOUT_RETURN_TYPE = YES_ERROR;
				GCC_WARN_UNDECLARED_SELECTOR = YES;
				GCC_WARN_UNINITIALIZED_AUTOS = YES_AGGRESSIVE;
				GCC_WARN_UNUSED_FUNCTION = YES;
				GCC_WARN_UNUSED_VARIABLE = YES;
				IPHONEOS_DEPLOYMENT_TARGET = 15.5;
				MTL_ENABLE_DEBUG_INFO = NO;
				MTL_FAST_MATH = YES;
				SDKROOT = iphoneos;
				SWIFT_COMPILATION_MODE = wholemodule;
				SWIFT_OPTIMIZATION_LEVEL = "-O";
				VALIDATE_PRODUCT = YES;
			};
			name = Release;
		};
		04EA87EF28DA0A4B004CB3A8 /* Debug */ = {
			isa = XCBuildConfiguration;
			buildSettings = {
				ASSETCATALOG_COMPILER_APPICON_NAME = AppIcon;
				ASSETCATALOG_COMPILER_GLOBAL_ACCENT_COLOR_NAME = AccentColor;
				CODE_SIGN_STYLE = Automatic;
				CURRENT_PROJECT_VERSION = 1;
				DEVELOPMENT_TEAM = CUP6J8M2U4;
				GENERATE_INFOPLIST_FILE = YES;
				INFOPLIST_FILE = HW1/Info.plist;
				INFOPLIST_KEY_UIApplicationSupportsIndirectInputEvents = YES;
				INFOPLIST_KEY_UILaunchStoryboardName = LaunchScreen;
				INFOPLIST_KEY_UIMainStoryboardFile = Main;
				INFOPLIST_KEY_UISupportedInterfaceOrientations_iPad = "UIInterfaceOrientationPortrait UIInterfaceOrientationPortraitUpsideDown UIInterfaceOrientationLandscapeLeft UIInterfaceOrientationLandscapeRight";
				INFOPLIST_KEY_UISupportedInterfaceOrientations_iPhone = "UIInterfaceOrientationPortrait UIInterfaceOrientationLandscapeLeft UIInterfaceOrientationLandscapeRight";
				LD_RUNPATH_SEARCH_PATHS = (
					"$(inherited)",
					"@executable_path/Frameworks",
				);
				MARKETING_VERSION = 1.0;
				PRODUCT_BUNDLE_IDENTIFIER = g.HW1;
				PRODUCT_NAME = "$(TARGET_NAME)";
				SWIFT_EMIT_LOC_STRINGS = YES;
				SWIFT_VERSION = 5.0;
				TARGETED_DEVICE_FAMILY = "1,2";
			};
			name = Debug;
		};
		04EA87F028DA0A4B004CB3A8 /* Release */ = {
			isa = XCBuildConfiguration;
			buildSettings = {
				ASSETCATALOG_COMPILER_APPICON_NAME = AppIcon;
				ASSETCATALOG_COMPILER_GLOBAL_ACCENT_COLOR_NAME = AccentColor;
				CODE_SIGN_STYLE = Automatic;
				CURRENT_PROJECT_VERSION = 1;
				DEVELOPMENT_TEAM = CUP6J8M2U4;
				GENERATE_INFOPLIST_FILE = YES;
				INFOPLIST_FILE = HW1/Info.plist;
				INFOPLIST_KEY_UIApplicationSupportsIndirectInputEvents = YES;
				INFOPLIST_KEY_UILaunchStoryboardName = LaunchScreen;
				INFOPLIST_KEY_UIMainStoryboardFile = Main;
				INFOPLIST_KEY_UISupportedInterfaceOrientations_iPad = "UIInterfaceOrientationPortrait UIInterfaceOrientationPortraitUpsideDown UIInterfaceOrientationLandscapeLeft UIInterfaceOrientationLandscapeRight";
				INFOPLIST_KEY_UISupportedInterfaceOrientations_iPhone = "UIInterfaceOrientationPortrait UIInterfaceOrientationLandscapeLeft UIInterfaceOrientationLandscapeRight";
				LD_RUNPATH_SEARCH_PATHS = (
					"$(inherited)",
					"@executable_path/Frameworks",
				);
				MARKETING_VERSION = 1.0;
				PRODUCT_BUNDLE_IDENTIFIER = g.HW1;
				PRODUCT_NAME = "$(TARGET_NAME)";
				SWIFT_EMIT_LOC_STRINGS = YES;
				SWIFT_VERSION = 5.0;
				TARGETED_DEVICE_FAMILY = "1,2";
			};
			name = Release;
		};
		04EA87F228DA0A4B004CB3A8 /* Debug */ = {
			isa = XCBuildConfiguration;
			buildSettings = {
				ALWAYS_EMBED_SWIFT_STANDARD_LIBRARIES = YES;
				BUNDLE_LOADER = "$(TEST_HOST)";
				CODE_SIGN_STYLE = Automatic;
				CURRENT_PROJECT_VERSION = 1;
				GENERATE_INFOPLIST_FILE = YES;
				IPHONEOS_DEPLOYMENT_TARGET = 15.5;
				MARKETING_VERSION = 1.0;
				PRODUCT_BUNDLE_IDENTIFIER = g.HW1Tests;
				PRODUCT_NAME = "$(TARGET_NAME)";
				SWIFT_EMIT_LOC_STRINGS = NO;
				SWIFT_VERSION = 5.0;
				TARGETED_DEVICE_FAMILY = "1,2";
				TEST_HOST = "$(BUILT_PRODUCTS_DIR)/HW1.app/HW1";
			};
			name = Debug;
		};
		04EA87F328DA0A4B004CB3A8 /* Release */ = {
			isa = XCBuildConfiguration;
			buildSettings = {
				ALWAYS_EMBED_SWIFT_STANDARD_LIBRARIES = YES;
				BUNDLE_LOADER = "$(TEST_HOST)";
				CODE_SIGN_STYLE = Automatic;
				CURRENT_PROJECT_VERSION = 1;
				GENERATE_INFOPLIST_FILE = YES;
				IPHONEOS_DEPLOYMENT_TARGET = 15.5;
				MARKETING_VERSION = 1.0;
				PRODUCT_BUNDLE_IDENTIFIER = g.HW1Tests;
				PRODUCT_NAME = "$(TARGET_NAME)";
				SWIFT_EMIT_LOC_STRINGS = NO;
				SWIFT_VERSION = 5.0;
				TARGETED_DEVICE_FAMILY = "1,2";
				TEST_HOST = "$(BUILT_PRODUCTS_DIR)/HW1.app/HW1";
			};
			name = Release;
		};
		04EA87F528DA0A4B004CB3A8 /* Debug */ = {
			isa = XCBuildConfiguration;
			buildSettings = {
				ALWAYS_EMBED_SWIFT_STANDARD_LIBRARIES = YES;
				CODE_SIGN_STYLE = Automatic;
				CURRENT_PROJECT_VERSION = 1;
				GENERATE_INFOPLIST_FILE = YES;
				MARKETING_VERSION = 1.0;
				PRODUCT_BUNDLE_IDENTIFIER = g.HW1UITests;
				PRODUCT_NAME = "$(TARGET_NAME)";
				SWIFT_EMIT_LOC_STRINGS = NO;
				SWIFT_VERSION = 5.0;
				TARGETED_DEVICE_FAMILY = "1,2";
				TEST_TARGET_NAME = HW1;
			};
			name = Debug;
		};
		04EA87F628DA0A4B004CB3A8 /* Release */ = {
			isa = XCBuildConfiguration;
			buildSettings = {
				ALWAYS_EMBED_SWIFT_STANDARD_LIBRARIES = YES;
				CODE_SIGN_STYLE = Automatic;
				CURRENT_PROJECT_VERSION = 1;
				GENERATE_INFOPLIST_FILE = YES;
				MARKETING_VERSION = 1.0;
				PRODUCT_BUNDLE_IDENTIFIER = g.HW1UITests;
				PRODUCT_NAME = "$(TARGET_NAME)";
				SWIFT_EMIT_LOC_STRINGS = NO;
				SWIFT_VERSION = 5.0;
				TARGETED_DEVICE_FAMILY = "1,2";
				TEST_TARGET_NAME = HW1;
			};
			name = Release;
		};
/* End XCBuildConfiguration section */

/* Begin XCConfigurationList section */
		04EA87BF28DA0A4A004CB3A8 /* Build configuration list for PBXProject "HW1" */ = {
			isa = XCConfigurationList;
			buildConfigurations = (
				04EA87EC28DA0A4B004CB3A8 /* Debug */,
				04EA87ED28DA0A4B004CB3A8 /* Release */,
			);
			defaultConfigurationIsVisible = 0;
			defaultConfigurationName = Release;
		};
		04EA87EE28DA0A4B004CB3A8 /* Build configuration list for PBXNativeTarget "HW1" */ = {
			isa = XCConfigurationList;
			buildConfigurations = (
				04EA87EF28DA0A4B004CB3A8 /* Debug */,
				04EA87F028DA0A4B004CB3A8 /* Release */,
			);
			defaultConfigurationIsVisible = 0;
			defaultConfigurationName = Release;
		};
		04EA87F128DA0A4B004CB3A8 /* Build configuration list for PBXNativeTarget "HW1Tests" */ = {
			isa = XCConfigurationList;
			buildConfigurations = (
				04EA87F228DA0A4B004CB3A8 /* Debug */,
				04EA87F328DA0A4B004CB3A8 /* Release */,
			);
			defaultConfigurationIsVisible = 0;
			defaultConfigurationName = Release;
		};
		04EA87F428DA0A4B004CB3A8 /* Build configuration list for PBXNativeTarget "HW1UITests" */ = {
			isa = XCConfigurationList;
			buildConfigurations = (
				04EA87F528DA0A4B004CB3A8 /* Debug */,
				04EA87F628DA0A4B004CB3A8 /* Release */,
			);
			defaultConfigurationIsVisible = 0;
			defaultConfigurationName = Release;
		};
/* End XCConfigurationList section */
	};
	rootObject = 04EA87BC28DA0A4A004CB3A8 /* Project object */;
}
