// !$*UTF8*$!
{
	archiveVersion = 1;
	classes = {
	};
	objectVersion = 56;
	objects = {

/* Begin PBXBuildFile section */
		040CF34328F4A1EE002BDC25 /* AppDelegate.swift in Sources */ = {isa = PBXBuildFile; fileRef = 040CF34228F4A1EE002BDC25 /* AppDelegate.swift */; };
		040CF34528F4A1EE002BDC25 /* SceneDelegate.swift in Sources */ = {isa = PBXBuildFile; fileRef = 040CF34428F4A1EE002BDC25 /* SceneDelegate.swift */; };
		040CF34728F4A1EE002BDC25 /* ViewController.swift in Sources */ = {isa = PBXBuildFile; fileRef = 040CF34628F4A1EE002BDC25 /* ViewController.swift */; };
		040CF34C28F4A1EF002BDC25 /* Assets.xcassets in Resources */ = {isa = PBXBuildFile; fileRef = 040CF34B28F4A1EF002BDC25 /* Assets.xcassets */; };
		040CF34F28F4A1EF002BDC25 /* LaunchScreen.storyboard in Resources */ = {isa = PBXBuildFile; fileRef = 040CF34D28F4A1EF002BDC25 /* LaunchScreen.storyboard */; };
		040CF35A28F4A1EF002BDC25 /* HW_2Tests.swift in Sources */ = {isa = PBXBuildFile; fileRef = 040CF35928F4A1EF002BDC25 /* HW_2Tests.swift */; };
		040CF36428F4A1EF002BDC25 /* HW_2UITests.swift in Sources */ = {isa = PBXBuildFile; fileRef = 040CF36328F4A1EF002BDC25 /* HW_2UITests.swift */; };
		040CF36628F4A1EF002BDC25 /* HW_2UITestsLaunchTests.swift in Sources */ = {isa = PBXBuildFile; fileRef = 040CF36528F4A1EF002BDC25 /* HW_2UITestsLaunchTests.swift */; };
		040CF37328F4A99F002BDC25 /* Pinlib.swift in Sources */ = {isa = PBXBuildFile; fileRef = 040CF37228F4A99F002BDC25 /* Pinlib.swift */; };
		041AF3CC2943B86800256089 /* NewsListViewController.swift in Sources */ = {isa = PBXBuildFile; fileRef = 041AF3CB2943B86800256089 /* NewsListViewController.swift */; };
		041AF3CE2943C14B00256089 /* NewsCell.swift in Sources */ = {isa = PBXBuildFile; fileRef = 041AF3CD2943C14B00256089 /* NewsCell.swift */; };
		041AF3D02943C46200256089 /* NewsViewModel.swift in Sources */ = {isa = PBXBuildFile; fileRef = 041AF3CF2943C46200256089 /* NewsViewModel.swift */; };
		041AF3D22943C65300256089 /* NewsViewController.swift in Sources */ = {isa = PBXBuildFile; fileRef = 041AF3D12943C65300256089 /* NewsViewController.swift */; };
		041AF3D42943DDDC00256089 /* ApiService.swift in Sources */ = {isa = PBXBuildFile; fileRef = 041AF3D32943DDDC00256089 /* ApiService.swift */; };
		049C0C3D292D5BBF00195D7B /* ShortNode.swift in Sources */ = {isa = PBXBuildFile; fileRef = 049C0C3C292D5BBF00195D7B /* ShortNode.swift */; };
		049C0C42292D5BD700195D7B /* AddNoteCell.swift in Sources */ = {isa = PBXBuildFile; fileRef = 049C0C3E292D5BD700195D7B /* AddNoteCell.swift */; };
		049C0C43292D5BD700195D7B /* AddNoteDelegate.swift in Sources */ = {isa = PBXBuildFile; fileRef = 049C0C3F292D5BD700195D7B /* AddNoteDelegate.swift */; };
		049C0C44292D5BD700195D7B /* NotesViewController.swift in Sources */ = {isa = PBXBuildFile; fileRef = 049C0C40292D5BD700195D7B /* NotesViewController.swift */; };
		049C0C45292D5BD700195D7B /* NoteCell.swift in Sources */ = {isa = PBXBuildFile; fileRef = 049C0C41292D5BD700195D7B /* NoteCell.swift */; };
/* End PBXBuildFile section */

/* Begin PBXContainerItemProxy section */
		040CF35628F4A1EF002BDC25 /* PBXContainerItemProxy */ = {
			isa = PBXContainerItemProxy;
			containerPortal = 040CF33728F4A1EE002BDC25 /* Project object */;
			proxyType = 1;
			remoteGlobalIDString = 040CF33E28F4A1EE002BDC25;
			remoteInfo = HW_2;
		};
		040CF36028F4A1EF002BDC25 /* PBXContainerItemProxy */ = {
			isa = PBXContainerItemProxy;
			containerPortal = 040CF33728F4A1EE002BDC25 /* Project object */;
			proxyType = 1;
			remoteGlobalIDString = 040CF33E28F4A1EE002BDC25;
			remoteInfo = HW_2;
		};
/* End PBXContainerItemProxy section */

/* Begin PBXFileReference section */
		040CF33F28F4A1EE002BDC25 /* HW_2.app */ = {isa = PBXFileReference; explicitFileType = wrapper.application; includeInIndex = 0; path = HW_2.app; sourceTree = BUILT_PRODUCTS_DIR; };
		040CF34228F4A1EE002BDC25 /* AppDelegate.swift */ = {isa = PBXFileReference; lastKnownFileType = sourcecode.swift; path = AppDelegate.swift; sourceTree = "<group>"; };
		040CF34428F4A1EE002BDC25 /* SceneDelegate.swift */ = {isa = PBXFileReference; lastKnownFileType = sourcecode.swift; path = SceneDelegate.swift; sourceTree = "<group>"; };
		040CF34628F4A1EE002BDC25 /* ViewController.swift */ = {isa = PBXFileReference; lastKnownFileType = sourcecode.swift; path = ViewController.swift; sourceTree = "<group>"; };
		040CF34B28F4A1EF002BDC25 /* Assets.xcassets */ = {isa = PBXFileReference; lastKnownFileType = folder.assetcatalog; path = Assets.xcassets; sourceTree = "<group>"; };
		040CF34E28F4A1EF002BDC25 /* Base */ = {isa = PBXFileReference; lastKnownFileType = file.storyboard; name = Base; path = Base.lproj/LaunchScreen.storyboard; sourceTree = "<group>"; };
		040CF35028F4A1EF002BDC25 /* Info.plist */ = {isa = PBXFileReference; lastKnownFileType = text.plist.xml; path = Info.plist; sourceTree = "<group>"; };
		040CF35528F4A1EF002BDC25 /* HW_2Tests.xctest */ = {isa = PBXFileReference; explicitFileType = wrapper.cfbundle; includeInIndex = 0; path = HW_2Tests.xctest; sourceTree = BUILT_PRODUCTS_DIR; };
		040CF35928F4A1EF002BDC25 /* HW_2Tests.swift */ = {isa = PBXFileReference; lastKnownFileType = sourcecode.swift; path = HW_2Tests.swift; sourceTree = "<group>"; };
		040CF35F28F4A1EF002BDC25 /* HW_2UITests.xctest */ = {isa = PBXFileReference; explicitFileType = wrapper.cfbundle; includeInIndex = 0; path = HW_2UITests.xctest; sourceTree = BUILT_PRODUCTS_DIR; };
		040CF36328F4A1EF002BDC25 /* HW_2UITests.swift */ = {isa = PBXFileReference; lastKnownFileType = sourcecode.swift; path = HW_2UITests.swift; sourceTree = "<group>"; };
		040CF36528F4A1EF002BDC25 /* HW_2UITestsLaunchTests.swift */ = {isa = PBXFileReference; lastKnownFileType = sourcecode.swift; path = HW_2UITestsLaunchTests.swift; sourceTree = "<group>"; };
		040CF37228F4A99F002BDC25 /* Pinlib.swift */ = {isa = PBXFileReference; lastKnownFileType = sourcecode.swift; path = Pinlib.swift; sourceTree = "<group>"; };
		041AF3CB2943B86800256089 /* NewsListViewController.swift */ = {isa = PBXFileReference; lastKnownFileType = sourcecode.swift; path = NewsListViewController.swift; sourceTree = "<group>"; };
		041AF3CD2943C14B00256089 /* NewsCell.swift */ = {isa = PBXFileReference; lastKnownFileType = sourcecode.swift; path = NewsCell.swift; sourceTree = "<group>"; };
		041AF3CF2943C46200256089 /* NewsViewModel.swift */ = {isa = PBXFileReference; lastKnownFileType = sourcecode.swift; path = NewsViewModel.swift; sourceTree = "<group>"; };
		041AF3D12943C65300256089 /* NewsViewController.swift */ = {isa = PBXFileReference; lastKnownFileType = sourcecode.swift; path = NewsViewController.swift; sourceTree = "<group>"; };
		041AF3D32943DDDC00256089 /* ApiService.swift */ = {isa = PBXFileReference; lastKnownFileType = sourcecode.swift; path = ApiService.swift; sourceTree = "<group>"; };
		049C0C3C292D5BBF00195D7B /* ShortNode.swift */ = {isa = PBXFileReference; fileEncoding = 4; lastKnownFileType = sourcecode.swift; path = ShortNode.swift; sourceTree = "<group>"; };
		049C0C3E292D5BD700195D7B /* AddNoteCell.swift */ = {isa = PBXFileReference; fileEncoding = 4; lastKnownFileType = sourcecode.swift; path = AddNoteCell.swift; sourceTree = "<group>"; };
		049C0C3F292D5BD700195D7B /* AddNoteDelegate.swift */ = {isa = PBXFileReference; fileEncoding = 4; lastKnownFileType = sourcecode.swift; path = AddNoteDelegate.swift; sourceTree = "<group>"; };
		049C0C40292D5BD700195D7B /* NotesViewController.swift */ = {isa = PBXFileReference; fileEncoding = 4; lastKnownFileType = sourcecode.swift; path = NotesViewController.swift; sourceTree = "<group>"; };
		049C0C41292D5BD700195D7B /* NoteCell.swift */ = {isa = PBXFileReference; fileEncoding = 4; lastKnownFileType = sourcecode.swift; path = NoteCell.swift; sourceTree = "<group>"; };
/* End PBXFileReference section */

/* Begin PBXFrameworksBuildPhase section */
		040CF33C28F4A1EE002BDC25 /* Frameworks */ = {
			isa = PBXFrameworksBuildPhase;
			buildActionMask = 2147483647;
			files = (
			);
			runOnlyForDeploymentPostprocessing = 0;
		};
		040CF35228F4A1EF002BDC25 /* Frameworks */ = {
			isa = PBXFrameworksBuildPhase;
			buildActionMask = 2147483647;
			files = (
			);
			runOnlyForDeploymentPostprocessing = 0;
		};
		040CF35C28F4A1EF002BDC25 /* Frameworks */ = {
			isa = PBXFrameworksBuildPhase;
			buildActionMask = 2147483647;
			files = (
			);
			runOnlyForDeploymentPostprocessing = 0;
		};
/* End PBXFrameworksBuildPhase section */

/* Begin PBXGroup section */
		040CF33628F4A1EE002BDC25 = {
			isa = PBXGroup;
			children = (
				040CF34128F4A1EE002BDC25 /* HW_2 */,
				040CF35828F4A1EF002BDC25 /* HW_2Tests */,
				040CF36228F4A1EF002BDC25 /* HW_2UITests */,
				040CF34028F4A1EE002BDC25 /* Products */,
			);
			sourceTree = "<group>";
		};
		040CF34028F4A1EE002BDC25 /* Products */ = {
			isa = PBXGroup;
			children = (
				040CF33F28F4A1EE002BDC25 /* HW_2.app */,
				040CF35528F4A1EF002BDC25 /* HW_2Tests.xctest */,
				040CF35F28F4A1EF002BDC25 /* HW_2UITests.xctest */,
			);
			name = Products;
			sourceTree = "<group>";
		};
		040CF34128F4A1EE002BDC25 /* HW_2 */ = {
			isa = PBXGroup;
			children = (
				040CF34228F4A1EE002BDC25 /* AppDelegate.swift */,
				040CF34428F4A1EE002BDC25 /* SceneDelegate.swift */,
				049C0C3E292D5BD700195D7B /* AddNoteCell.swift */,
				049C0C3F292D5BD700195D7B /* AddNoteDelegate.swift */,
				049C0C41292D5BD700195D7B /* NoteCell.swift */,
				049C0C40292D5BD700195D7B /* NotesViewController.swift */,
				049C0C3C292D5BBF00195D7B /* ShortNode.swift */,
				040CF34628F4A1EE002BDC25 /* ViewController.swift */,
				040CF34B28F4A1EF002BDC25 /* Assets.xcassets */,
				040CF34D28F4A1EF002BDC25 /* LaunchScreen.storyboard */,
				040CF35028F4A1EF002BDC25 /* Info.plist */,
				040CF37228F4A99F002BDC25 /* Pinlib.swift */,
				041AF3CB2943B86800256089 /* NewsListViewController.swift */,
				041AF3CD2943C14B00256089 /* NewsCell.swift */,
				041AF3CF2943C46200256089 /* NewsViewModel.swift */,
				041AF3D12943C65300256089 /* NewsViewController.swift */,
				041AF3D32943DDDC00256089 /* ApiService.swift */,
			);
			path = HW_2;
			sourceTree = "<group>";
		};
		040CF35828F4A1EF002BDC25 /* HW_2Tests */ = {
			isa = PBXGroup;
			children = (
				040CF35928F4A1EF002BDC25 /* HW_2Tests.swift */,
			);
			path = HW_2Tests;
			sourceTree = "<group>";
		};
		040CF36228F4A1EF002BDC25 /* HW_2UITests */ = {
			isa = PBXGroup;
			children = (
				040CF36328F4A1EF002BDC25 /* HW_2UITests.swift */,
				040CF36528F4A1EF002BDC25 /* HW_2UITestsLaunchTests.swift */,
			);
			path = HW_2UITests;
			sourceTree = "<group>";
		};
/* End PBXGroup section */

/* Begin PBXNativeTarget section */
		040CF33E28F4A1EE002BDC25 /* HW_2 */ = {
			isa = PBXNativeTarget;
			buildConfigurationList = 040CF36928F4A1EF002BDC25 /* Build configuration list for PBXNativeTarget "HW_2" */;
			buildPhases = (
				040CF33B28F4A1EE002BDC25 /* Sources */,
				040CF33C28F4A1EE002BDC25 /* Frameworks */,
				040CF33D28F4A1EE002BDC25 /* Resources */,
			);
			buildRules = (
			);
			dependencies = (
			);
			name = HW_2;
			productName = HW_2;
			productReference = 040CF33F28F4A1EE002BDC25 /* HW_2.app */;
			productType = "com.apple.product-type.application";
		};
		040CF35428F4A1EF002BDC25 /* HW_2Tests */ = {
			isa = PBXNativeTarget;
			buildConfigurationList = 040CF36C28F4A1EF002BDC25 /* Build configuration list for PBXNativeTarget "HW_2Tests" */;
			buildPhases = (
				040CF35128F4A1EF002BDC25 /* Sources */,
				040CF35228F4A1EF002BDC25 /* Frameworks */,
				040CF35328F4A1EF002BDC25 /* Resources */,
			);
			buildRules = (
			);
			dependencies = (
				040CF35728F4A1EF002BDC25 /* PBXTargetDependency */,
			);
			name = HW_2Tests;
			productName = HW_2Tests;
			productReference = 040CF35528F4A1EF002BDC25 /* HW_2Tests.xctest */;
			productType = "com.apple.product-type.bundle.unit-test";
		};
		040CF35E28F4A1EF002BDC25 /* HW_2UITests */ = {
			isa = PBXNativeTarget;
			buildConfigurationList = 040CF36F28F4A1EF002BDC25 /* Build configuration list for PBXNativeTarget "HW_2UITests" */;
			buildPhases = (
				040CF35B28F4A1EF002BDC25 /* Sources */,
				040CF35C28F4A1EF002BDC25 /* Frameworks */,
				040CF35D28F4A1EF002BDC25 /* Resources */,
			);
			buildRules = (
			);
			dependencies = (
				040CF36128F4A1EF002BDC25 /* PBXTargetDependency */,
			);
			name = HW_2UITests;
			productName = HW_2UITests;
			productReference = 040CF35F28F4A1EF002BDC25 /* HW_2UITests.xctest */;
			productType = "com.apple.product-type.bundle.ui-testing";
		};
/* End PBXNativeTarget section */

/* Begin PBXProject section */
		040CF33728F4A1EE002BDC25 /* Project object */ = {
			isa = PBXProject;
			attributes = {
				BuildIndependentTargetsInParallel = 1;
				LastSwiftUpdateCheck = 1400;
				LastUpgradeCheck = 1400;
				TargetAttributes = {
					040CF33E28F4A1EE002BDC25 = {
						CreatedOnToolsVersion = 14.0.1;
					};
					040CF35428F4A1EF002BDC25 = {
						CreatedOnToolsVersion = 14.0.1;
						TestTargetID = 040CF33E28F4A1EE002BDC25;
					};
					040CF35E28F4A1EF002BDC25 = {
						CreatedOnToolsVersion = 14.0.1;
						TestTargetID = 040CF33E28F4A1EE002BDC25;
					};
				};
			};
			buildConfigurationList = 040CF33A28F4A1EE002BDC25 /* Build configuration list for PBXProject "HW_2" */;
			compatibilityVersion = "Xcode 14.0";
			developmentRegion = en;
			hasScannedForEncodings = 0;
			knownRegions = (
				en,
				Base,
			);
			mainGroup = 040CF33628F4A1EE002BDC25;
			productRefGroup = 040CF34028F4A1EE002BDC25 /* Products */;
			projectDirPath = "";
			projectRoot = "";
			targets = (
				040CF33E28F4A1EE002BDC25 /* HW_2 */,
				040CF35428F4A1EF002BDC25 /* HW_2Tests */,
				040CF35E28F4A1EF002BDC25 /* HW_2UITests */,
			);
		};
/* End PBXProject section */

/* Begin PBXResourcesBuildPhase section */
		040CF33D28F4A1EE002BDC25 /* Resources */ = {
			isa = PBXResourcesBuildPhase;
			buildActionMask = 2147483647;
			files = (
				040CF34F28F4A1EF002BDC25 /* LaunchScreen.storyboard in Resources */,
				040CF34C28F4A1EF002BDC25 /* Assets.xcassets in Resources */,
			);
			runOnlyForDeploymentPostprocessing = 0;
		};
		040CF35328F4A1EF002BDC25 /* Resources */ = {
			isa = PBXResourcesBuildPhase;
			buildActionMask = 2147483647;
			files = (
			);
			runOnlyForDeploymentPostprocessing = 0;
		};
		040CF35D28F4A1EF002BDC25 /* Resources */ = {
			isa = PBXResourcesBuildPhase;
			buildActionMask = 2147483647;
			files = (
			);
			runOnlyForDeploymentPostprocessing = 0;
		};
/* End PBXResourcesBuildPhase section */

/* Begin PBXSourcesBuildPhase section */
		040CF33B28F4A1EE002BDC25 /* Sources */ = {
			isa = PBXSourcesBuildPhase;
			buildActionMask = 2147483647;
			files = (
				040CF34728F4A1EE002BDC25 /* ViewController.swift in Sources */,
				049C0C42292D5BD700195D7B /* AddNoteCell.swift in Sources */,
				049C0C43292D5BD700195D7B /* AddNoteDelegate.swift in Sources */,
				041AF3CC2943B86800256089 /* NewsListViewController.swift in Sources */,
				049C0C3D292D5BBF00195D7B /* ShortNode.swift in Sources */,
				049C0C44292D5BD700195D7B /* NotesViewController.swift in Sources */,
				041AF3D22943C65300256089 /* NewsViewController.swift in Sources */,
				040CF37328F4A99F002BDC25 /* Pinlib.swift in Sources */,
				041AF3D02943C46200256089 /* NewsViewModel.swift in Sources */,
				049C0C45292D5BD700195D7B /* NoteCell.swift in Sources */,
				040CF34328F4A1EE002BDC25 /* AppDelegate.swift in Sources */,
				040CF34528F4A1EE002BDC25 /* SceneDelegate.swift in Sources */,
				041AF3D42943DDDC00256089 /* ApiService.swift in Sources */,
				041AF3CE2943C14B00256089 /* NewsCell.swift in Sources */,
			);
			runOnlyForDeploymentPostprocessing = 0;
		};
		040CF35128F4A1EF002BDC25 /* Sources */ = {
			isa = PBXSourcesBuildPhase;
			buildActionMask = 2147483647;
			files = (
				040CF35A28F4A1EF002BDC25 /* HW_2Tests.swift in Sources */,
			);
			runOnlyForDeploymentPostprocessing = 0;
		};
		040CF35B28F4A1EF002BDC25 /* Sources */ = {
			isa = PBXSourcesBuildPhase;
			buildActionMask = 2147483647;
			files = (
				040CF36628F4A1EF002BDC25 /* HW_2UITestsLaunchTests.swift in Sources */,
				040CF36428F4A1EF002BDC25 /* HW_2UITests.swift in Sources */,
			);
			runOnlyForDeploymentPostprocessing = 0;
		};
/* End PBXSourcesBuildPhase section */

/* Begin PBXTargetDependency section */
		040CF35728F4A1EF002BDC25 /* PBXTargetDependency */ = {
			isa = PBXTargetDependency;
			target = 040CF33E28F4A1EE002BDC25 /* HW_2 */;
			targetProxy = 040CF35628F4A1EF002BDC25 /* PBXContainerItemProxy */;
		};
		040CF36128F4A1EF002BDC25 /* PBXTargetDependency */ = {
			isa = PBXTargetDependency;
			target = 040CF33E28F4A1EE002BDC25 /* HW_2 */;
			targetProxy = 040CF36028F4A1EF002BDC25 /* PBXContainerItemProxy */;
		};
/* End PBXTargetDependency section */

/* Begin PBXVariantGroup section */
		040CF34D28F4A1EF002BDC25 /* LaunchScreen.storyboard */ = {
			isa = PBXVariantGroup;
			children = (
				040CF34E28F4A1EF002BDC25 /* Base */,
			);
			name = LaunchScreen.storyboard;
			sourceTree = "<group>";
		};
/* End PBXVariantGroup section */

/* Begin XCBuildConfiguration section */
		040CF36728F4A1EF002BDC25 /* Debug */ = {
			isa = XCBuildConfiguration;
			buildSettings = {
				ALWAYS_SEARCH_USER_PATHS = NO;
				CLANG_ANALYZER_NONNULL = YES;
				CLANG_ANALYZER_NUMBER_OBJECT_CONVERSION = YES_AGGRESSIVE;
				CLANG_CXX_LANGUAGE_STANDARD = "gnu++20";
				CLANG_ENABLE_MODULES = YES;
				CLANG_ENABLE_OBJC_ARC = YES;
				CLANG_ENABLE_OBJC_WEAK = YES;
				CLANG_WARN_BLOCK_CAPTURE_AUTORELEASING = YES;
				CLANG_WARN_BOOL_CONVERSION = YES;
				CLANG_WARN_COMMA = YES;
				CLANG_WARN_CONSTANT_CONVERSION = YES;
				CLANG_WARN_DEPRECATED_OBJC_IMPLEMENTATIONS = YES;
				CLANG_WARN_DIRECT_OBJC_ISA_USAGE = YES_ERROR;
				CLANG_WARN_DOCUMENTATION_COMMENTS = YES;
				CLANG_WARN_EMPTY_BODY = YES;
				CLANG_WARN_ENUM_CONVERSION = YES;
				CLANG_WARN_INFINITE_RECURSION = YES;
				CLANG_WARN_INT_CONVERSION = YES;
				CLANG_WARN_NON_LITERAL_NULL_CONVERSION = YES;
				CLANG_WARN_OBJC_IMPLICIT_RETAIN_SELF = YES;
				CLANG_WARN_OBJC_LITERAL_CONVERSION = YES;
				CLANG_WARN_OBJC_ROOT_CLASS = YES_ERROR;
				CLANG_WARN_QUOTED_INCLUDE_IN_FRAMEWORK_HEADER = YES;
				CLANG_WARN_RANGE_LOOP_ANALYSIS = YES;
				CLANG_WARN_STRICT_PROTOTYPES = YES;
				CLANG_WARN_SUSPICIOUS_MOVE = YES;
				CLANG_WARN_UNGUARDED_AVAILABILITY = YES_AGGRESSIVE;
				CLANG_WARN_UNREACHABLE_CODE = YES;
				CLANG_WARN__DUPLICATE_METHOD_MATCH = YES;
				COPY_PHASE_STRIP = NO;
				DEBUG_INFORMATION_FORMAT = dwarf;
				ENABLE_STRICT_OBJC_MSGSEND = YES;
				ENABLE_TESTABILITY = YES;
				GCC_C_LANGUAGE_STANDARD = gnu11;
				GCC_DYNAMIC_NO_PIC = NO;
				GCC_NO_COMMON_BLOCKS = YES;
				GCC_OPTIMIZATION_LEVEL = 0;
				GCC_PREPROCESSOR_DEFINITIONS = (
					"DEBUG=1",
					"$(inherited)",
				);
				GCC_WARN_64_TO_32_BIT_CONVERSION = YES;
				GCC_WARN_ABOUT_RETURN_TYPE = YES_ERROR;
				GCC_WARN_UNDECLARED_SELECTOR = YES;
				GCC_WARN_UNINITIALIZED_AUTOS = YES_AGGRESSIVE;
				GCC_WARN_UNUSED_FUNCTION = YES;
				GCC_WARN_UNUSED_VARIABLE = YES;
				IPHONEOS_DEPLOYMENT_TARGET = 16.0;
				MTL_ENABLE_DEBUG_INFO = INCLUDE_SOURCE;
				MTL_FAST_MATH = YES;
				ONLY_ACTIVE_ARCH = YES;
				SDKROOT = iphoneos;
				SWIFT_ACTIVE_COMPILATION_CONDITIONS = DEBUG;
				SWIFT_OPTIMIZATION_LEVEL = "-Onone";
			};
			name = Debug;
		};
		040CF36828F4A1EF002BDC25 /* Release */ = {
			isa = XCBuildConfiguration;
			buildSettings = {
				ALWAYS_SEARCH_USER_PATHS = NO;
				CLANG_ANALYZER_NONNULL = YES;
				CLANG_ANALYZER_NUMBER_OBJECT_CONVERSION = YES_AGGRESSIVE;
				CLANG_CXX_LANGUAGE_STANDARD = "gnu++20";
				CLANG_ENABLE_MODULES = YES;
				CLANG_ENABLE_OBJC_ARC = YES;
				CLANG_ENABLE_OBJC_WEAK = YES;
				CLANG_WARN_BLOCK_CAPTURE_AUTORELEASING = YES;
				CLANG_WARN_BOOL_CONVERSION = YES;
				CLANG_WARN_COMMA = YES;
				CLANG_WARN_CONSTANT_CONVERSION = YES;
				CLANG_WARN_DEPRECATED_OBJC_IMPLEMENTATIONS = YES;
				CLANG_WARN_DIRECT_OBJC_ISA_USAGE = YES_ERROR;
				CLANG_WARN_DOCUMENTATION_COMMENTS = YES;
				CLANG_WARN_EMPTY_BODY = YES;
				CLANG_WARN_ENUM_CONVERSION = YES;
				CLANG_WARN_INFINITE_RECURSION = YES;
				CLANG_WARN_INT_CONVERSION = YES;
				CLANG_WARN_NON_LITERAL_NULL_CONVERSION = YES;
				CLANG_WARN_OBJC_IMPLICIT_RETAIN_SELF = YES;
				CLANG_WARN_OBJC_LITERAL_CONVERSION = YES;
				CLANG_WARN_OBJC_ROOT_CLASS = YES_ERROR;
				CLANG_WARN_QUOTED_INCLUDE_IN_FRAMEWORK_HEADER = YES;
				CLANG_WARN_RANGE_LOOP_ANALYSIS = YES;
				CLANG_WARN_STRICT_PROTOTYPES = YES;
				CLANG_WARN_SUSPICIOUS_MOVE = YES;
				CLANG_WARN_UNGUARDED_AVAILABILITY = YES_AGGRESSIVE;
				CLANG_WARN_UNREACHABLE_CODE = YES;
				CLANG_WARN__DUPLICATE_METHOD_MATCH = YES;
				COPY_PHASE_STRIP = NO;
				DEBUG_INFORMATION_FORMAT = "dwarf-with-dsym";
				ENABLE_NS_ASSERTIONS = NO;
				ENABLE_STRICT_OBJC_MSGSEND = YES;
				GCC_C_LANGUAGE_STANDARD = gnu11;
				GCC_NO_COMMON_BLOCKS = YES;
				GCC_WARN_64_TO_32_BIT_CONVERSION = YES;
				GCC_WARN_ABOUT_RETURN_TYPE = YES_ERROR;
				GCC_WARN_UNDECLARED_SELECTOR = YES;
				GCC_WARN_UNINITIALIZED_AUTOS = YES_AGGRESSIVE;
				GCC_WARN_UNUSED_FUNCTION = YES;
				GCC_WARN_UNUSED_VARIABLE = YES;
				IPHONEOS_DEPLOYMENT_TARGET = 16.0;
				MTL_ENABLE_DEBUG_INFO = NO;
				MTL_FAST_MATH = YES;
				SDKROOT = iphoneos;
				SWIFT_COMPILATION_MODE = wholemodule;
				SWIFT_OPTIMIZATION_LEVEL = "-O";
				VALIDATE_PRODUCT = YES;
			};
			name = Release;
		};
		040CF36A28F4A1EF002BDC25 /* Debug */ = {
			isa = XCBuildConfiguration;
			buildSettings = {
				ASSETCATALOG_COMPILER_APPICON_NAME = AppIcon;
				ASSETCATALOG_COMPILER_GLOBAL_ACCENT_COLOR_NAME = AccentColor;
				CODE_SIGN_STYLE = Automatic;
				CURRENT_PROJECT_VERSION = 1;
				GENERATE_INFOPLIST_FILE = YES;
				INFOPLIST_FILE = HW_2/Info.plist;
				INFOPLIST_KEY_UIApplicationSupportsIndirectInputEvents = YES;
				INFOPLIST_KEY_UILaunchStoryboardName = LaunchScreen;
				INFOPLIST_KEY_UISupportedInterfaceOrientations = "UIInterfaceOrientationLandscapeLeft UIInterfaceOrientationLandscapeRight UIInterfaceOrientationPortrait";
				LD_RUNPATH_SEARCH_PATHS = (
					"$(inherited)",
					"@executable_path/Frameworks",
				);
				MARKETING_VERSION = 1.0;
				PRODUCT_BUNDLE_IDENTIFIER = "g.HW-2";
				PRODUCT_NAME = "$(TARGET_NAME)";
				SWIFT_EMIT_LOC_STRINGS = YES;
				SWIFT_VERSION = 5.0;
				TARGETED_DEVICE_FAMILY = "1,2";
			};
			name = Debug;
		};
		040CF36B28F4A1EF002BDC25 /* Release */ = {
			isa = XCBuildConfiguration;
			buildSettings = {
				ASSETCATALOG_COMPILER_APPICON_NAME = AppIcon;
				ASSETCATALOG_COMPILER_GLOBAL_ACCENT_COLOR_NAME = AccentColor;
				CODE_SIGN_STYLE = Automatic;
				CURRENT_PROJECT_VERSION = 1;
				GENERATE_INFOPLIST_FILE = YES;
				INFOPLIST_FILE = HW_2/Info.plist;
				INFOPLIST_KEY_UIApplicationSupportsIndirectInputEvents = YES;
				INFOPLIST_KEY_UILaunchStoryboardName = LaunchScreen;
				INFOPLIST_KEY_UISupportedInterfaceOrientations = "UIInterfaceOrientationLandscapeLeft UIInterfaceOrientationLandscapeRight UIInterfaceOrientationPortrait";
				LD_RUNPATH_SEARCH_PATHS = (
					"$(inherited)",
					"@executable_path/Frameworks",
				);
				MARKETING_VERSION = 1.0;
				PRODUCT_BUNDLE_IDENTIFIER = "g.HW-2";
				PRODUCT_NAME = "$(TARGET_NAME)";
				SWIFT_EMIT_LOC_STRINGS = YES;
				SWIFT_VERSION = 5.0;
				TARGETED_DEVICE_FAMILY = "1,2";
			};
			name = Release;
		};
		040CF36D28F4A1EF002BDC25 /* Debug */ = {
			isa = XCBuildConfiguration;
			buildSettings = {
				ALWAYS_EMBED_SWIFT_STANDARD_LIBRARIES = YES;
				BUNDLE_LOADER = "$(TEST_HOST)";
				CODE_SIGN_STYLE = Automatic;
				CURRENT_PROJECT_VERSION = 1;
				GENERATE_INFOPLIST_FILE = YES;
				IPHONEOS_DEPLOYMENT_TARGET = 16.0;
				MARKETING_VERSION = 1.0;
				PRODUCT_BUNDLE_IDENTIFIER = "g.HW-2Tests";
				PRODUCT_NAME = "$(TARGET_NAME)";
				SWIFT_EMIT_LOC_STRINGS = NO;
				SWIFT_VERSION = 5.0;
				TARGETED_DEVICE_FAMILY = "1,2";
				TEST_HOST = "$(BUILT_PRODUCTS_DIR)/HW_2.app/$(BUNDLE_EXECUTABLE_FOLDER_PATH)/HW_2";
			};
			name = Debug;
		};
		040CF36E28F4A1EF002BDC25 /* Release */ = {
			isa = XCBuildConfiguration;
			buildSettings = {
				ALWAYS_EMBED_SWIFT_STANDARD_LIBRARIES = YES;
				BUNDLE_LOADER = "$(TEST_HOST)";
				CODE_SIGN_STYLE = Automatic;
				CURRENT_PROJECT_VERSION = 1;
				GENERATE_INFOPLIST_FILE = YES;
				IPHONEOS_DEPLOYMENT_TARGET = 16.0;
				MARKETING_VERSION = 1.0;
				PRODUCT_BUNDLE_IDENTIFIER = "g.HW-2Tests";
				PRODUCT_NAME = "$(TARGET_NAME)";
				SWIFT_EMIT_LOC_STRINGS = NO;
				SWIFT_VERSION = 5.0;
				TARGETED_DEVICE_FAMILY = "1,2";
				TEST_HOST = "$(BUILT_PRODUCTS_DIR)/HW_2.app/$(BUNDLE_EXECUTABLE_FOLDER_PATH)/HW_2";
			};
			name = Release;
		};
		040CF37028F4A1EF002BDC25 /* Debug */ = {
			isa = XCBuildConfiguration;
			buildSettings = {
				ALWAYS_EMBED_SWIFT_STANDARD_LIBRARIES = YES;
				CODE_SIGN_STYLE = Automatic;
				CURRENT_PROJECT_VERSION = 1;
				GENERATE_INFOPLIST_FILE = YES;
				MARKETING_VERSION = 1.0;
				PRODUCT_BUNDLE_IDENTIFIER = "g.HW-2UITests";
				PRODUCT_NAME = "$(TARGET_NAME)";
				SWIFT_EMIT_LOC_STRINGS = NO;
				SWIFT_VERSION = 5.0;
				TARGETED_DEVICE_FAMILY = "1,2";
				TEST_TARGET_NAME = HW_2;
			};
			name = Debug;
		};
		040CF37128F4A1EF002BDC25 /* Release */ = {
			isa = XCBuildConfiguration;
			buildSettings = {
				ALWAYS_EMBED_SWIFT_STANDARD_LIBRARIES = YES;
				CODE_SIGN_STYLE = Automatic;
				CURRENT_PROJECT_VERSION = 1;
				GENERATE_INFOPLIST_FILE = YES;
				MARKETING_VERSION = 1.0;
				PRODUCT_BUNDLE_IDENTIFIER = "g.HW-2UITests";
				PRODUCT_NAME = "$(TARGET_NAME)";
				SWIFT_EMIT_LOC_STRINGS = NO;
				SWIFT_VERSION = 5.0;
				TARGETED_DEVICE_FAMILY = "1,2";
				TEST_TARGET_NAME = HW_2;
			};
			name = Release;
		};
/* End XCBuildConfiguration section */

/* Begin XCConfigurationList section */
		040CF33A28F4A1EE002BDC25 /* Build configuration list for PBXProject "HW_2" */ = {
			isa = XCConfigurationList;
			buildConfigurations = (
				040CF36728F4A1EF002BDC25 /* Debug */,
				040CF36828F4A1EF002BDC25 /* Release */,
			);
			defaultConfigurationIsVisible = 0;
			defaultConfigurationName = Release;
		};
		040CF36928F4A1EF002BDC25 /* Build configuration list for PBXNativeTarget "HW_2" */ = {
			isa = XCConfigurationList;
			buildConfigurations = (
				040CF36A28F4A1EF002BDC25 /* Debug */,
				040CF36B28F4A1EF002BDC25 /* Release */,
			);
			defaultConfigurationIsVisible = 0;
			defaultConfigurationName = Release;
		};
		040CF36C28F4A1EF002BDC25 /* Build configuration list for PBXNativeTarget "HW_2Tests" */ = {
			isa = XCConfigurationList;
			buildConfigurations = (
				040CF36D28F4A1EF002BDC25 /* Debug */,
				040CF36E28F4A1EF002BDC25 /* Release */,
			);
			defaultConfigurationIsVisible = 0;
			defaultConfigurationName = Release;
		};
		040CF36F28F4A1EF002BDC25 /* Build configuration list for PBXNativeTarget "HW_2UITests" */ = {
			isa = XCConfigurationList;
			buildConfigurations = (
				040CF37028F4A1EF002BDC25 /* Debug */,
				040CF37128F4A1EF002BDC25 /* Release */,
			);
			defaultConfigurationIsVisible = 0;
			defaultConfigurationName = Release;
		};
/* End XCConfigurationList section */
	};
	rootObject = 040CF33728F4A1EE002BDC25 /* Project object */;
}
